
Microsoft Visual Studio Solution File, Format Version 12.00
# Visual Studio 15
VisualStudioVersion = 15.0.28010.2026
MinimumVisualStudioVersion = 10.0.40219.1
Project("{FAE04EC0-301F-11D3-BF4B-00C04F79EFBC}") = "DiskOrganizer", "DiskOrganizer\DiskOrganizer.csproj", "{14C75C16-A28D-4F13-B7B9-F4AAA3735DFF}"
EndProject
Global
	GlobalSection(SolutionConfigurationPlatforms) = preSolution
		Debug|Any CPU = Debug|Any CPU
		Release|Any CPU = Release|Any CPU
	EndGlobalSection
	GlobalSection(ProjectConfigurationPlatforms) = postSolution
		{14C75C16-A28D-4F13-B7B9-F4AAA3735DFF}.Debug|Any CPU.ActiveCfg = Debug|Any CPU
		{14C75C16-A28D-4F13-B7B9-F4AAA3735DFF}.Debug|Any CPU.Build.0 = Debug|Any CPU
		{14C75C16-A28D-4F13-B7B9-F4AAA3735DFF}.Release|Any CPU.ActiveCfg = Release|Any CPU
		{14C75C16-A28D-4F13-B7B9-F4AAA3735DFF}.Release|Any CPU.Build.0 = Release|Any CPU
	EndGlobalSection
	GlobalSection(SolutionProperties) = preSolution
		HideSolutionNode = FALSE
	EndGlobalSection
	GlobalSection(ExtensibilityGlobals) = postSolution
		SolutionGuid = {CDF4350B-320B-4A52-B151-CD0D6F5C0915}
	EndGlobalSection
EndGlobal
